
Microsoft Visual Studio Solution File, Format Version 12.00
Project("{FAE04EC0-301F-11D3-BF4B-00C04F79EFBC}") = "PhotonAuth", "PhotonAuth\PhotonAuth.csproj", "{49D0DA79-CAB9-401E-B22E-922B46A4A3BA}"
EndProject
Global
	GlobalSection(SolutionConfigurationPlatforms) = preSolution
		Debug|Any CPU = Debug|Any CPU
		Release|Any CPU = Release|Any CPU
	EndGlobalSection
	GlobalSection(ProjectConfigurationPlatforms) = postSolution
		{49D0DA79-CAB9-401E-B22E-922B46A4A3BA}.Debug|Any CPU.ActiveCfg = Debug|Any CPU
		{49D0DA79-CAB9-401E-B22E-922B46A4A3BA}.Debug|Any CPU.Build.0 = Debug|Any CPU
		{49D0DA79-CAB9-401E-B22E-922B46A4A3BA}.Release|Any CPU.ActiveCfg = Release|Any CPU
		{49D0DA79-CAB9-401E-B22E-922B46A4A3BA}.Release|Any CPU.Build.0 = Release|Any CPU
	EndGlobalSection
EndGlobal
